
Microsoft Visual Studio Solution File, Format Version 12.00
# Visual Studio 14
VisualStudioVersion = 14.0.23107.0
MinimumVisualStudioVersion = 10.0.40219.1
Project("{F2A71F9B-5D33-465A-A702-920D77279786}") = "EasyRead.WordNet", "EasyRead.WordNet\EasyRead.WordNet.fsproj", "{6B054759-617C-45E5-953E-C167EF6969ED}"
EndProject
Project("{2150E333-8FDC-42A3-9474-1A3956D46DE8}") = "Tests", "Tests", "{3BF1E925-1218-446D-9296-C1DAFA8A21A5}"
EndProject
Project("{F2A71F9B-5D33-465A-A702-920D77279786}") = "EasyRead.WordNet.Tests", "EasyRead.WordNet.Tests\EasyRead.WordNet.Tests.fsproj", "{8ABD3ED2-16B3-492A-A9CA-E29577617D95}"
EndProject
Project("{FAE04EC0-301F-11D3-BF4B-00C04F79EFBC}") = "EasyRead.Core", "EasyRead.Core\EasyRead.Core.csproj", "{0A082478-1B5C-47B2-8EB0-F61AEBD2CCFB}"
EndProject
Project("{FAE04EC0-301F-11D3-BF4B-00C04F79EFBC}") = "EasyRead.Dictionary", "EasyRead.Dictionary\EasyRead.Dictionary.csproj", "{B71F28DC-D2C4-454D-9F1A-21ED5D68E52C}"
EndProject
Project("{2150E333-8FDC-42A3-9474-1A3956D46DE8}") = "Web", "Web", "{80EEA45C-4657-4E97-BF48-8012B7A11DAC}"
EndProject
Project("{FAE04EC0-301F-11D3-BF4B-00C04F79EFBC}") = "EasyRead.NancyModules.Dictionary", "EasyRead.NancyModules.Dictionary\EasyRead.NancyModules.Dictionary.csproj", "{2638D381-F8D5-4ADE-A7B8-DD69ABA5F21C}"
EndProject
Project("{FAE04EC0-301F-11D3-BF4B-00C04F79EFBC}") = "EasyRead.NancyModules.Core", "EasyRead.NancyModules.Core\EasyRead.NancyModules.Core.csproj", "{7CDF479D-B85E-4C63-B7FD-3156E006106D}"
EndProject
Project("{FAE04EC0-301F-11D3-BF4B-00C04F79EFBC}") = "EasyRead.BusinessServices", "EasyRead.BusinessServices\EasyRead.BusinessServices.csproj", "{329D18DF-FF67-4826-8B2B-29BA5C84D85E}"
EndProject
Project("{FAE04EC0-301F-11D3-BF4B-00C04F79EFBC}") = "EasyRead.NancyModules.BusinessServices", "EasyRead.NancyModules.BusinessServices\EasyRead.NancyModules.BusinessServices.csproj", "{176C129B-55F2-498E-9ADF-F6A79C13F2E9}"
EndProject
Project("{FAE04EC0-301F-11D3-BF4B-00C04F79EFBC}") = "EasyRead.Web", "EasyRead.Web\EasyRead.Web.csproj", "{6EEAECCD-4346-471F-8DF4-62CD34B259E1}"
EndProject
Project("{2150E333-8FDC-42A3-9474-1A3956D46DE8}") = "Solution Items", "Solution Items", "{ACB72A3A-D378-42AF-9C58-AC582B04E1CF}"
	ProjectSection(SolutionItems) = preProject
		SharedAssemblyInfo.cs = SharedAssemblyInfo.cs
		SharedAssemblyInfo.fs = SharedAssemblyInfo.fs
	EndProjectSection
EndProject
Project("{FAE04EC0-301F-11D3-BF4B-00C04F79EFBC}") = "EasyRead.Common", "EasyRead.Common\EasyRead.Common.csproj", "{779BE17D-1A28-4DC6-BDD2-3A7562E48E2B}"
EndProject
Project("{FAE04EC0-301F-11D3-BF4B-00C04F79EFBC}") = "EasyRead.Core.Tests", "EasyRead.Core.Tests\EasyRead.Core.Tests.csproj", "{7D4FFC0B-A969-4BF3-951C-AF10E98814B3}"
EndProject
Project("{FAE04EC0-301F-11D3-BF4B-00C04F79EFBC}") = "EasyRead.Core.DataAccess", "EasyRead.Core.DataAccess\EasyRead.Core.DataAccess.csproj", "{F711CB3A-FC53-46A8-9A91-3DA440825CC6}"
EndProject
Project("{FAE04EC0-301F-11D3-BF4B-00C04F79EFBC}") = "EasyRead.Core.DataAccess.Tests", "EasyRead.Core.DataAccess.Tests\EasyRead.Core.DataAccess.Tests.csproj", "{F1FF1BF3-0D24-49E6-8744-6FB2C0769216}"
EndProject
Global
	GlobalSection(SolutionConfigurationPlatforms) = preSolution
		Debug|Any CPU = Debug|Any CPU
		Release|Any CPU = Release|Any CPU
	EndGlobalSection
	GlobalSection(ProjectConfigurationPlatforms) = postSolution
		{6B054759-617C-45E5-953E-C167EF6969ED}.Debug|Any CPU.ActiveCfg = Debug|Any CPU
		{6B054759-617C-45E5-953E-C167EF6969ED}.Debug|Any CPU.Build.0 = Debug|Any CPU
		{6B054759-617C-45E5-953E-C167EF6969ED}.Release|Any CPU.ActiveCfg = Release|Any CPU
		{6B054759-617C-45E5-953E-C167EF6969ED}.Release|Any CPU.Build.0 = Release|Any CPU
		{8ABD3ED2-16B3-492A-A9CA-E29577617D95}.Debug|Any CPU.ActiveCfg = Debug|Any CPU
		{8ABD3ED2-16B3-492A-A9CA-E29577617D95}.Debug|Any CPU.Build.0 = Debug|Any CPU
		{8ABD3ED2-16B3-492A-A9CA-E29577617D95}.Release|Any CPU.ActiveCfg = Release|Any CPU
		{8ABD3ED2-16B3-492A-A9CA-E29577617D95}.Release|Any CPU.Build.0 = Release|Any CPU
		{0A082478-1B5C-47B2-8EB0-F61AEBD2CCFB}.Debug|Any CPU.ActiveCfg = Debug|Any CPU
		{0A082478-1B5C-47B2-8EB0-F61AEBD2CCFB}.Debug|Any CPU.Build.0 = Debug|Any CPU
		{0A082478-1B5C-47B2-8EB0-F61AEBD2CCFB}.Release|Any CPU.ActiveCfg = Release|Any CPU
		{0A082478-1B5C-47B2-8EB0-F61AEBD2CCFB}.Release|Any CPU.Build.0 = Release|Any CPU
		{B71F28DC-D2C4-454D-9F1A-21ED5D68E52C}.Debug|Any CPU.ActiveCfg = Debug|Any CPU
		{B71F28DC-D2C4-454D-9F1A-21ED5D68E52C}.Debug|Any CPU.Build.0 = Debug|Any CPU
		{B71F28DC-D2C4-454D-9F1A-21ED5D68E52C}.Release|Any CPU.ActiveCfg = Release|Any CPU
		{B71F28DC-D2C4-454D-9F1A-21ED5D68E52C}.Release|Any CPU.Build.0 = Release|Any CPU
		{2638D381-F8D5-4ADE-A7B8-DD69ABA5F21C}.Debug|Any CPU.ActiveCfg = Debug|Any CPU
		{2638D381-F8D5-4ADE-A7B8-DD69ABA5F21C}.Debug|Any CPU.Build.0 = Debug|Any CPU
		{2638D381-F8D5-4ADE-A7B8-DD69ABA5F21C}.Release|Any CPU.ActiveCfg = Release|Any CPU
		{2638D381-F8D5-4ADE-A7B8-DD69ABA5F21C}.Release|Any CPU.Build.0 = Release|Any CPU
		{7CDF479D-B85E-4C63-B7FD-3156E006106D}.Debug|Any CPU.ActiveCfg = Debug|Any CPU
		{7CDF479D-B85E-4C63-B7FD-3156E006106D}.Debug|Any CPU.Build.0 = Debug|Any CPU
		{7CDF479D-B85E-4C63-B7FD-3156E006106D}.Release|Any CPU.ActiveCfg = Release|Any CPU
		{7CDF479D-B85E-4C63-B7FD-3156E006106D}.Release|Any CPU.Build.0 = Release|Any CPU
		{329D18DF-FF67-4826-8B2B-29BA5C84D85E}.Debug|Any CPU.ActiveCfg = Debug|Any CPU
		{329D18DF-FF67-4826-8B2B-29BA5C84D85E}.Debug|Any CPU.Build.0 = Debug|Any CPU
		{329D18DF-FF67-4826-8B2B-29BA5C84D85E}.Release|Any CPU.ActiveCfg = Release|Any CPU
		{329D18DF-FF67-4826-8B2B-29BA5C84D85E}.Release|Any CPU.Build.0 = Release|Any CPU
		{176C129B-55F2-498E-9ADF-F6A79C13F2E9}.Debug|Any CPU.ActiveCfg = Debug|Any CPU
		{176C129B-55F2-498E-9ADF-F6A79C13F2E9}.Debug|Any CPU.Build.0 = Debug|Any CPU
		{176C129B-55F2-498E-9ADF-F6A79C13F2E9}.Release|Any CPU.ActiveCfg = Release|Any CPU
		{176C129B-55F2-498E-9ADF-F6A79C13F2E9}.Release|Any CPU.Build.0 = Release|Any CPU
		{6EEAECCD-4346-471F-8DF4-62CD34B259E1}.Debug|Any CPU.ActiveCfg = Debug|Any CPU
		{6EEAECCD-4346-471F-8DF4-62CD34B259E1}.Debug|Any CPU.Build.0 = Debug|Any CPU
		{6EEAECCD-4346-471F-8DF4-62CD34B259E1}.Release|Any CPU.ActiveCfg = Release|Any CPU
		{6EEAECCD-4346-471F-8DF4-62CD34B259E1}.Release|Any CPU.Build.0 = Release|Any CPU
		{779BE17D-1A28-4DC6-BDD2-3A7562E48E2B}.Debug|Any CPU.ActiveCfg = Debug|Any CPU
		{779BE17D-1A28-4DC6-BDD2-3A7562E48E2B}.Debug|Any CPU.Build.0 = Debug|Any CPU
		{779BE17D-1A28-4DC6-BDD2-3A7562E48E2B}.Release|Any CPU.ActiveCfg = Release|Any CPU
		{779BE17D-1A28-4DC6-BDD2-3A7562E48E2B}.Release|Any CPU.Build.0 = Release|Any CPU
		{7D4FFC0B-A969-4BF3-951C-AF10E98814B3}.Debug|Any CPU.ActiveCfg = Debug|Any CPU
		{7D4FFC0B-A969-4BF3-951C-AF10E98814B3}.Debug|Any CPU.Build.0 = Debug|Any CPU
		{7D4FFC0B-A969-4BF3-951C-AF10E98814B3}.Release|Any CPU.ActiveCfg = Release|Any CPU
		{7D4FFC0B-A969-4BF3-951C-AF10E98814B3}.Release|Any CPU.Build.0 = Release|Any CPU
		{F711CB3A-FC53-46A8-9A91-3DA440825CC6}.Debug|Any CPU.ActiveCfg = Debug|Any CPU
		{F711CB3A-FC53-46A8-9A91-3DA440825CC6}.Debug|Any CPU.Build.0 = Debug|Any CPU
		{F711CB3A-FC53-46A8-9A91-3DA440825CC6}.Release|Any CPU.ActiveCfg = Release|Any CPU
		{F711CB3A-FC53-46A8-9A91-3DA440825CC6}.Release|Any CPU.Build.0 = Release|Any CPU
		{F1FF1BF3-0D24-49E6-8744-6FB2C0769216}.Debug|Any CPU.ActiveCfg = Debug|Any CPU
		{F1FF1BF3-0D24-49E6-8744-6FB2C0769216}.Debug|Any CPU.Build.0 = Debug|Any CPU
		{F1FF1BF3-0D24-49E6-8744-6FB2C0769216}.Release|Any CPU.ActiveCfg = Release|Any CPU
		{F1FF1BF3-0D24-49E6-8744-6FB2C0769216}.Release|Any CPU.Build.0 = Release|Any CPU
	EndGlobalSection
	GlobalSection(SolutionProperties) = preSolution
		HideSolutionNode = FALSE
	EndGlobalSection
	GlobalSection(NestedProjects) = preSolution
		{8ABD3ED2-16B3-492A-A9CA-E29577617D95} = {3BF1E925-1218-446D-9296-C1DAFA8A21A5}
		{2638D381-F8D5-4ADE-A7B8-DD69ABA5F21C} = {80EEA45C-4657-4E97-BF48-8012B7A11DAC}
		{7CDF479D-B85E-4C63-B7FD-3156E006106D} = {80EEA45C-4657-4E97-BF48-8012B7A11DAC}
		{176C129B-55F2-498E-9ADF-F6A79C13F2E9} = {80EEA45C-4657-4E97-BF48-8012B7A11DAC}
		{6EEAECCD-4346-471F-8DF4-62CD34B259E1} = {80EEA45C-4657-4E97-BF48-8012B7A11DAC}
		{7D4FFC0B-A969-4BF3-951C-AF10E98814B3} = {3BF1E925-1218-446D-9296-C1DAFA8A21A5}
		{F1FF1BF3-0D24-49E6-8744-6FB2C0769216} = {3BF1E925-1218-446D-9296-C1DAFA8A21A5}
	EndGlobalSection
EndGlobal
